
Microsoft Visual Studio Solution File, Format Version 12.00
# Visual Studio Version 16
VisualStudioVersion = 16.0.29102.190
MinimumVisualStudioVersion = 10.0.40219.1
Project("{FAE04EC0-301F-11D3-BF4B-00C04F79EFBC}") = "Logger", "Logger\Logger.csproj", "{597DDDD9-69B5-48D6-B371-27BA8A12BFC0}"
EndProject
Global
	GlobalSection(SolutionConfigurationPlatforms) = preSolution
		Debug|Any CPU = Debug|Any CPU
		Release|Any CPU = Release|Any CPU
	EndGlobalSection
	GlobalSection(ProjectConfigurationPlatforms) = postSolution
		{597DDDD9-69B5-48D6-B371-27BA8A12BFC0}.Debug|Any CPU.ActiveCfg = Debug|Any CPU
		{597DDDD9-69B5-48D6-B371-27BA8A12BFC0}.Debug|Any CPU.Build.0 = Debug|Any CPU
		{597DDDD9-69B5-48D6-B371-27BA8A12BFC0}.Release|Any CPU.ActiveCfg = Release|Any CPU
		{597DDDD9-69B5-48D6-B371-27BA8A12BFC0}.Release|Any CPU.Build.0 = Release|Any CPU
	EndGlobalSection
	GlobalSection(SolutionProperties) = preSolution
		HideSolutionNode = FALSE
	EndGlobalSection
	GlobalSection(ExtensibilityGlobals) = postSolution
		SolutionGuid = {F6CDC7A6-0F74-4272-A276-0245E83751C0}
	EndGlobalSection
EndGlobal
