
Microsoft Visual Studio Solution File, Format Version 12.00
# Visual Studio Version 16
VisualStudioVersion = 16.0.29209.62
MinimumVisualStudioVersion = 10.0.40219.1
Project("{9A19103F-16F7-4668-BE54-9A1E7A4F7556}") = "P01_HarvestingFields", "P01_HarvestingFields\P01_HarvestingFields.csproj", "{8A075AFD-B025-4C1C-B6E1-919539AA0F7A}"
EndProject
Project("{9A19103F-16F7-4668-BE54-9A1E7A4F7556}") = "P02_BlackBoxInteger", "P02_BlackBoxInteger\P02_BlackBoxInteger.csproj", "{6812E2AA-7C13-4A11-92C9-35C391B6B690}"
EndProject
Project("{9A19103F-16F7-4668-BE54-9A1E7A4F7556}") = "P03_BarraksWars", "P03_BarraksWars\P03_BarraksWars.csproj", "{8E569267-65F6-486F-B838-6D0DA3FD0948}"
EndProject
Global
	GlobalSection(SolutionConfigurationPlatforms) = preSolution
		Debug|Any CPU = Debug|Any CPU
		Release|Any CPU = Release|Any CPU
	EndGlobalSection
	GlobalSection(ProjectConfigurationPlatforms) = postSolution
		{8A075AFD-B025-4C1C-B6E1-919539AA0F7A}.Debug|Any CPU.ActiveCfg = Debug|Any CPU
		{8A075AFD-B025-4C1C-B6E1-919539AA0F7A}.Debug|Any CPU.Build.0 = Debug|Any CPU
		{8A075AFD-B025-4C1C-B6E1-919539AA0F7A}.Release|Any CPU.ActiveCfg = Release|Any CPU
		{8A075AFD-B025-4C1C-B6E1-919539AA0F7A}.Release|Any CPU.Build.0 = Release|Any CPU
		{6812E2AA-7C13-4A11-92C9-35C391B6B690}.Debug|Any CPU.ActiveCfg = Debug|Any CPU
		{6812E2AA-7C13-4A11-92C9-35C391B6B690}.Debug|Any CPU.Build.0 = Debug|Any CPU
		{6812E2AA-7C13-4A11-92C9-35C391B6B690}.Release|Any CPU.ActiveCfg = Release|Any CPU
		{6812E2AA-7C13-4A11-92C9-35C391B6B690}.Release|Any CPU.Build.0 = Release|Any CPU
		{8E569267-65F6-486F-B838-6D0DA3FD0948}.Debug|Any CPU.ActiveCfg = Debug|Any CPU
		{8E569267-65F6-486F-B838-6D0DA3FD0948}.Debug|Any CPU.Build.0 = Debug|Any CPU
		{8E569267-65F6-486F-B838-6D0DA3FD0948}.Release|Any CPU.ActiveCfg = Release|Any CPU
		{8E569267-65F6-486F-B838-6D0DA3FD0948}.Release|Any CPU.Build.0 = Release|Any CPU
	EndGlobalSection
	GlobalSection(SolutionProperties) = preSolution
		HideSolutionNode = FALSE
	EndGlobalSection
	GlobalSection(ExtensibilityGlobals) = postSolution
		SolutionGuid = {52AB63B1-3154-4FC4-AB63-1B34D314B674}
	EndGlobalSection
EndGlobal
